
Microsoft Visual Studio Solution File, Format Version 12.00
# Visual Studio 2013
VisualStudioVersion = 12.0.30501.0
MinimumVisualStudioVersion = 10.0.40219.1
Project("{FAE04EC0-301F-11D3-BF4B-00C04F79EFBC}") = "MissingLinq", "MissingLinq\MissingLinq.csproj", "{B4938A53-67E9-4BA3-930E-77894C2D7E41}"
EndProject
Project("{FAE04EC0-301F-11D3-BF4B-00C04F79EFBC}") = "MissingLinqTests", "MissingLinqTests\MissingLinqTests.csproj", "{68A42D89-D725-428F-A42A-9FF5C04E64B4}"
EndProject
Global
	GlobalSection(SolutionConfigurationPlatforms) = preSolution
		Debug|Any CPU = Debug|Any CPU
		Release|Any CPU = Release|Any CPU
	EndGlobalSection
	GlobalSection(ProjectConfigurationPlatforms) = postSolution
		{B4938A53-67E9-4BA3-930E-77894C2D7E41}.Debug|Any CPU.ActiveCfg = Debug|Any CPU
		{B4938A53-67E9-4BA3-930E-77894C2D7E41}.Debug|Any CPU.Build.0 = Debug|Any CPU
		{B4938A53-67E9-4BA3-930E-77894C2D7E41}.Release|Any CPU.ActiveCfg = Release|Any CPU
		{B4938A53-67E9-4BA3-930E-77894C2D7E41}.Release|Any CPU.Build.0 = Release|Any CPU
		{68A42D89-D725-428F-A42A-9FF5C04E64B4}.Debug|Any CPU.ActiveCfg = Debug|Any CPU
		{68A42D89-D725-428F-A42A-9FF5C04E64B4}.Debug|Any CPU.Build.0 = Debug|Any CPU
		{68A42D89-D725-428F-A42A-9FF5C04E64B4}.Release|Any CPU.ActiveCfg = Release|Any CPU
		{68A42D89-D725-428F-A42A-9FF5C04E64B4}.Release|Any CPU.Build.0 = Release|Any CPU
	EndGlobalSection
	GlobalSection(SolutionProperties) = preSolution
		HideSolutionNode = FALSE
	EndGlobalSection
EndGlobal
